
Microsoft Visual Studio Solution File, Format Version 12.00
# Visual Studio Version 17
VisualStudioVersion = 17.7.34018.315
MinimumVisualStudioVersion = 10.0.40219.1
Project("{FAE04EC0-301F-11D3-BF4B-00C04F79EFBC}") = "NET12_test", "NET12_test.csproj", "{0BBFBAD2-3360-4E56-A454-9552B26D1CBB}"
EndProject
Global
	GlobalSection(SolutionConfigurationPlatforms) = preSolution
		Debug|Any CPU = Debug|Any CPU
		Release|Any CPU = Release|Any CPU
	EndGlobalSection
	GlobalSection(ProjectConfigurationPlatforms) = postSolution
		{0BBFBAD2-3360-4E56-A454-9552B26D1CBB}.Debug|Any CPU.ActiveCfg = Debug|Any CPU
		{0BBFBAD2-3360-4E56-A454-9552B26D1CBB}.Debug|Any CPU.Build.0 = Debug|Any CPU
		{0BBFBAD2-3360-4E56-A454-9552B26D1CBB}.Release|Any CPU.ActiveCfg = Release|Any CPU
		{0BBFBAD2-3360-4E56-A454-9552B26D1CBB}.Release|Any CPU.Build.0 = Release|Any CPU
	EndGlobalSection
	GlobalSection(SolutionProperties) = preSolution
		HideSolutionNode = FALSE
	EndGlobalSection
	GlobalSection(ExtensibilityGlobals) = postSolution
		SolutionGuid = {C1663CFA-9AF3-47FA-A9B9-03EA43F51D87}
	EndGlobalSection
EndGlobal
